go-slim.dev/l4g v0.0.0-20250420182206-e73e009fd9ce h1:RKfKm4STusk8JlJUL69myp9jbULoM6ThlDQd34yeKyM=
go-slim.dev/l4g v0.0.0-20250420182206-e73e009fd9ce/go.mod h1:oo5KbNzC3wOXHXSk/K5B1gwDTANh9EHvtpb+vrhPtd4=
golang.org/x/crypto v0.40.0 h1:r4x+VvoG5Fm+eJcxMaY8CQM7Lb0l1lsmjGBQ6s8BfKM=
golang.org/x/crypto v0.40.0/go.mod h1:Qr1vMER5WyS2dfPHAlsOj01wgLbsyWtFn/aY+5+ZdxY=
